
Microsoft Visual Studio Solution File, Format Version 12.00
# Visual Studio Version 17
VisualStudioVersion = 17.6.33829.357
MinimumVisualStudioVersion = 10.0.40219.1
Project("{FAE04EC0-301F-11D3-BF4B-00C04F79EFBC}") = "ContosoCrafts.Website", "ContosoCrafts.Website\ContosoCrafts.Website.csproj", "{77D415EA-DA8B-4536-AE38-C21AC7AC9046}"
EndProject
Global
	GlobalSection(SolutionConfigurationPlatforms) = preSolution
		Debug|Any CPU = Debug|Any CPU
		Release|Any CPU = Release|Any CPU
	EndGlobalSection
	GlobalSection(ProjectConfigurationPlatforms) = postSolution
		{77D415EA-DA8B-4536-AE38-C21AC7AC9046}.Debug|Any CPU.ActiveCfg = Debug|Any CPU
		{77D415EA-DA8B-4536-AE38-C21AC7AC9046}.Debug|Any CPU.Build.0 = Debug|Any CPU
		{77D415EA-DA8B-4536-AE38-C21AC7AC9046}.Release|Any CPU.ActiveCfg = Release|Any CPU
		{77D415EA-DA8B-4536-AE38-C21AC7AC9046}.Release|Any CPU.Build.0 = Release|Any CPU
	EndGlobalSection
	GlobalSection(SolutionProperties) = preSolution
		HideSolutionNode = FALSE
	EndGlobalSection
	GlobalSection(ExtensibilityGlobals) = postSolution
		SolutionGuid = {1B64FEA7-6BBC-4B5D-AD1C-7F3DE3FA7446}
	EndGlobalSection
EndGlobal
